// !$*UTF8*$!
{
	archiveVersion = 1;
	classes = {
	};
	objectVersion = 51;
	objects = {

/* Begin PBXBuildFile section */
		1831D4ACAB0983199DB0AF05 /* Pods_Campfire.framework in Frameworks */ = {isa = PBXBuildFile; fileRef = 14B9ACDCFDE6808F880C122D /* Pods_Campfire.framework */; };
		E801124726B5906600D0BE4B /* Constants.swift in Sources */ = {isa = PBXBuildFile; fileRef = E801124626B5906600D0BE4B /* Constants.swift */; };
		E801124926B59B5F00D0BE4B /* Message.swift in Sources */ = {isa = PBXBuildFile; fileRef = E801124826B59B5F00D0BE4B /* Message.swift */; };
		E827F62227F4B16B00B6D062 /* UIButton+Ext.swift in Sources */ = {isa = PBXBuildFile; fileRef = E827F62127F4B16B00B6D062 /* UIButton+Ext.swift */; };
		E82FF49D2748221E00E8147F /* LaunchScreenViewController.swift in Sources */ = {isa = PBXBuildFile; fileRef = E82FF49C2748221E00E8147F /* LaunchScreenViewController.swift */; };
		E847B73727EE308E00E3704C /* String+Ext.swift in Sources */ = {isa = PBXBuildFile; fileRef = E847B73627EE308E00E3704C /* String+Ext.swift */; };
		E88CB8CB26D44C3500C0F5A1 /* GoogleService-Info.plist in Resources */ = {isa = PBXBuildFile; fileRef = E88CB8CA26D44C3500C0F5A1 /* GoogleService-Info.plist */; };
		E8CDC99826B196B2004518D0 /* AppDelegate.swift in Sources */ = {isa = PBXBuildFile; fileRef = E8CDC99726B196B2004518D0 /* AppDelegate.swift */; };
		E8CDC99A26B196B2004518D0 /* SceneDelegate.swift in Sources */ = {isa = PBXBuildFile; fileRef = E8CDC99926B196B2004518D0 /* SceneDelegate.swift */; };
		E8CDC99C26B196B2004518D0 /* WelcomeViewController.swift in Sources */ = {isa = PBXBuildFile; fileRef = E8CDC99B26B196B2004518D0 /* WelcomeViewController.swift */; };
		E8CDC99F26B196B2004518D0 /* Main.storyboard in Resources */ = {isa = PBXBuildFile; fileRef = E8CDC99D26B196B2004518D0 /* Main.storyboard */; };
		E8CDC9A126B196B3004518D0 /* Assets.xcassets in Resources */ = {isa = PBXBuildFile; fileRef = E8CDC9A026B196B3004518D0 /* Assets.xcassets */; };
		E8CDC9A426B196B3004518D0 /* LaunchScreen.storyboard in Resources */ = {isa = PBXBuildFile; fileRef = E8CDC9A226B196B3004518D0 /* LaunchScreen.storyboard */; };
		E8CDC9AF26B19BCD004518D0 /* JoinViewController.swift in Sources */ = {isa = PBXBuildFile; fileRef = E8CDC9AE26B19BCD004518D0 /* JoinViewController.swift */; };
		E8CDC9B126B19C0B004518D0 /* LoginViewController.swift in Sources */ = {isa = PBXBuildFile; fileRef = E8CDC9B026B19C0B004518D0 /* LoginViewController.swift */; };
		E8CDC9B326B19C1C004518D0 /* ChatViewController.swift in Sources */ = {isa = PBXBuildFile; fileRef = E8CDC9B226B19C1C004518D0 /* ChatViewController.swift */; };
		E8DDAF9126B5C6C800777A59 /* MessageCell.swift in Sources */ = {isa = PBXBuildFile; fileRef = E8DDAF8F26B5C6C800777A59 /* MessageCell.swift */; };
		E8DDAF9226B5C6C800777A59 /* MessageCell.xib in Resources */ = {isa = PBXBuildFile; fileRef = E8DDAF9026B5C6C800777A59 /* MessageCell.xib */; };
/* End PBXBuildFile section */

/* Begin PBXFileReference section */
		14B9ACDCFDE6808F880C122D /* Pods_Campfire.framework */ = {isa = PBXFileReference; explicitFileType = wrapper.framework; includeInIndex = 0; path = Pods_Campfire.framework; sourceTree = BUILT_PRODUCTS_DIR; };
		637F4D611A0BE66BD4BEE0C0 /* Pods-Campfire.release.xcconfig */ = {isa = PBXFileReference; includeInIndex = 1; lastKnownFileType = text.xcconfig; name = "Pods-Campfire.release.xcconfig"; path = "Target Support Files/Pods-Campfire/Pods-Campfire.release.xcconfig"; sourceTree = "<group>"; };
		68C204D5AF6B8228BE8F9AC3 /* Pods-Campfire.debug.xcconfig */ = {isa = PBXFileReference; includeInIndex = 1; lastKnownFileType = text.xcconfig; name = "Pods-Campfire.debug.xcconfig"; path = "Target Support Files/Pods-Campfire/Pods-Campfire.debug.xcconfig"; sourceTree = "<group>"; };
		E801124626B5906600D0BE4B /* Constants.swift */ = {isa = PBXFileReference; lastKnownFileType = sourcecode.swift; path = Constants.swift; sourceTree = "<group>"; };
		E801124826B59B5F00D0BE4B /* Message.swift */ = {isa = PBXFileReference; lastKnownFileType = sourcecode.swift; path = Message.swift; sourceTree = "<group>"; };
		E827F62127F4B16B00B6D062 /* UIButton+Ext.swift */ = {isa = PBXFileReference; lastKnownFileType = sourcecode.swift; path = "UIButton+Ext.swift"; sourceTree = "<group>"; };
		E82FF49C2748221E00E8147F /* LaunchScreenViewController.swift */ = {isa = PBXFileReference; lastKnownFileType = sourcecode.swift; path = LaunchScreenViewController.swift; sourceTree = "<group>"; };
		E847B73627EE308E00E3704C /* String+Ext.swift */ = {isa = PBXFileReference; lastKnownFileType = sourcecode.swift; path = "String+Ext.swift"; sourceTree = "<group>"; };
		E87B8F8726E10FA2008B185B /* README.md */ = {isa = PBXFileReference; lastKnownFileType = net.daringfireball.markdown; path = README.md; sourceTree = "<group>"; };
		E88CB8CA26D44C3500C0F5A1 /* GoogleService-Info.plist */ = {isa = PBXFileReference; fileEncoding = 4; lastKnownFileType = text.plist.xml; path = "GoogleService-Info.plist"; sourceTree = "<group>"; };
		E8CDC99426B196B2004518D0 /* Campfire.app */ = {isa = PBXFileReference; explicitFileType = wrapper.application; includeInIndex = 0; path = Campfire.app; sourceTree = BUILT_PRODUCTS_DIR; };
		E8CDC99726B196B2004518D0 /* AppDelegate.swift */ = {isa = PBXFileReference; lastKnownFileType = sourcecode.swift; path = AppDelegate.swift; sourceTree = "<group>"; };
		E8CDC99926B196B2004518D0 /* SceneDelegate.swift */ = {isa = PBXFileReference; lastKnownFileType = sourcecode.swift; path = SceneDelegate.swift; sourceTree = "<group>"; };
		E8CDC99B26B196B2004518D0 /* WelcomeViewController.swift */ = {isa = PBXFileReference; lastKnownFileType = sourcecode.swift; path = WelcomeViewController.swift; sourceTree = "<group>"; };
		E8CDC99E26B196B2004518D0 /* Base */ = {isa = PBXFileReference; lastKnownFileType = file.storyboard; name = Base; path = Base.lproj/Main.storyboard; sourceTree = "<group>"; };
		E8CDC9A026B196B3004518D0 /* Assets.xcassets */ = {isa = PBXFileReference; lastKnownFileType = folder.assetcatalog; path = Assets.xcassets; sourceTree = "<group>"; };
		E8CDC9A326B196B3004518D0 /* Base */ = {isa = PBXFileReference; lastKnownFileType = file.storyboard; name = Base; path = Base.lproj/LaunchScreen.storyboard; sourceTree = "<group>"; };
		E8CDC9A526B196B3004518D0 /* Info.plist */ = {isa = PBXFileReference; lastKnownFileType = text.plist.xml; path = Info.plist; sourceTree = "<group>"; };
		E8CDC9AE26B19BCD004518D0 /* JoinViewController.swift */ = {isa = PBXFileReference; lastKnownFileType = sourcecode.swift; path = JoinViewController.swift; sourceTree = "<group>"; };
		E8CDC9B026B19C0B004518D0 /* LoginViewController.swift */ = {isa = PBXFileReference; lastKnownFileType = sourcecode.swift; path = LoginViewController.swift; sourceTree = "<group>"; };
		E8CDC9B226B19C1C004518D0 /* ChatViewController.swift */ = {isa = PBXFileReference; lastKnownFileType = sourcecode.swift; path = ChatViewController.swift; sourceTree = "<group>"; };
		E8DDAF8F26B5C6C800777A59 /* MessageCell.swift */ = {isa = PBXFileReference; lastKnownFileType = sourcecode.swift; path = MessageCell.swift; sourceTree = "<group>"; };
		E8DDAF9026B5C6C800777A59 /* MessageCell.xib */ = {isa = PBXFileReference; lastKnownFileType = file.xib; path = MessageCell.xib; sourceTree = "<group>"; };
/* End PBXFileReference section */

/* Begin PBXFrameworksBuildPhase section */
		E8CDC99126B196B2004518D0 /* Frameworks */ = {
			isa = PBXFrameworksBuildPhase;
			buildActionMask = 2147483647;
			files = (
				1831D4ACAB0983199DB0AF05 /* Pods_Campfire.framework in Frameworks */,
			);
			runOnlyForDeploymentPostprocessing = 0;
		};
/* End PBXFrameworksBuildPhase section */

/* Begin PBXGroup section */
		6E48F1F03B98F031EDEE74F2 /* Pods */ = {
			isa = PBXGroup;
			children = (
				68C204D5AF6B8228BE8F9AC3 /* Pods-Campfire.debug.xcconfig */,
				637F4D611A0BE66BD4BEE0C0 /* Pods-Campfire.release.xcconfig */,
			);
			path = Pods;
			sourceTree = "<group>";
		};
		AB99A40428A1D186AEE8570B /* Frameworks */ = {
			isa = PBXGroup;
			children = (
				14B9ACDCFDE6808F880C122D /* Pods_Campfire.framework */,
			);
			name = Frameworks;
			sourceTree = "<group>";
		};
		E82FF49A274821F000E8147F /* Messages */ = {
			isa = PBXGroup;
			children = (
				E8DDAF8F26B5C6C800777A59 /* MessageCell.swift */,
				E8DDAF9026B5C6C800777A59 /* MessageCell.xib */,
			);
			path = Messages;
			sourceTree = "<group>";
		};
		E82FF49B274821FE00E8147F /* Launch */ = {
			isa = PBXGroup;
			children = (
				E8CDC9A226B196B3004518D0 /* LaunchScreen.storyboard */,
			);
			path = Launch;
			sourceTree = "<group>";
		};
		E847B73527EE307700E3704C /* Extensions */ = {
			isa = PBXGroup;
			children = (
				E847B73627EE308E00E3704C /* String+Ext.swift */,
				E827F62127F4B16B00B6D062 /* UIButton+Ext.swift */,
			);
			path = Extensions;
			sourceTree = "<group>";
		};
		E8AC580127EF541300E91A3C /* App Support */ = {
			isa = PBXGroup;
			children = (
				E8CDC99726B196B2004518D0 /* AppDelegate.swift */,
				E8CDC99926B196B2004518D0 /* SceneDelegate.swift */,
				E801124626B5906600D0BE4B /* Constants.swift */,
				E847B73527EE307700E3704C /* Extensions */,
			);
			path = "App Support";
			sourceTree = "<group>";
		};
		E8AC580227EF543A00E91A3C /* View */ = {
			isa = PBXGroup;
			children = (
				E8CDC99D26B196B2004518D0 /* Main.storyboard */,
			);
			path = View;
			sourceTree = "<group>";
		};
		E8CDC98B26B196B2004518D0 = {
			isa = PBXGroup;
			children = (
				E87B8F8726E10FA2008B185B /* README.md */,
				E8CDC99626B196B2004518D0 /* Campfire */,
				E8CDC99526B196B2004518D0 /* Products */,
				6E48F1F03B98F031EDEE74F2 /* Pods */,
				AB99A40428A1D186AEE8570B /* Frameworks */,
			);
			sourceTree = "<group>";
		};
		E8CDC99526B196B2004518D0 /* Products */ = {
			isa = PBXGroup;
			children = (
				E8CDC99426B196B2004518D0 /* Campfire.app */,
			);
			name = Products;
			sourceTree = "<group>";
		};
		E8CDC99626B196B2004518D0 /* Campfire */ = {
			isa = PBXGroup;
			children = (
				E8AC580127EF541300E91A3C /* App Support */,
				E8CDC9AB26B19A1C004518D0 /* Models */,
				E8AC580227EF543A00E91A3C /* View */,
				E8CDC9AC26B19A22004518D0 /* Custom Views */,
				E8CDC9AD26B19A27004518D0 /* Screens (Controllers) */,
				E8CDC9A026B196B3004518D0 /* Assets.xcassets */,
				E8CDC9A526B196B3004518D0 /* Info.plist */,
				E88CB8CA26D44C3500C0F5A1 /* GoogleService-Info.plist */,
			);
			path = Campfire;
			sourceTree = "<group>";
		};
		E8CDC9AB26B19A1C004518D0 /* Models */ = {
			isa = PBXGroup;
			children = (
				E801124826B59B5F00D0BE4B /* Message.swift */,
			);
			path = Models;
			sourceTree = "<group>";
		};
		E8CDC9AC26B19A22004518D0 /* Custom Views */ = {
			isa = PBXGroup;
			children = (
				E82FF49A274821F000E8147F /* Messages */,
				E82FF49B274821FE00E8147F /* Launch */,
			);
			path = "Custom Views";
			sourceTree = "<group>";
		};
		E8CDC9AD26B19A27004518D0 /* Screens (Controllers) */ = {
			isa = PBXGroup;
			children = (
				E82FF49C2748221E00E8147F /* LaunchScreenViewController.swift */,
				E8CDC99B26B196B2004518D0 /* WelcomeViewController.swift */,
				E8CDC9AE26B19BCD004518D0 /* JoinViewController.swift */,
				E8CDC9B026B19C0B004518D0 /* LoginViewController.swift */,
				E8CDC9B226B19C1C004518D0 /* ChatViewController.swift */,
			);
			path = "Screens (Controllers)";
			sourceTree = "<group>";
		};
/* End PBXGroup section */

/* Begin PBXNativeTarget section */
		E8CDC99326B196B2004518D0 /* Campfire */ = {
			isa = PBXNativeTarget;
			buildConfigurationList = E8CDC9A826B196B3004518D0 /* Build configuration list for PBXNativeTarget "Campfire" */;
			buildPhases = (
				7FE83C5C4389A92A116450A6 /* [CP] Check Pods Manifest.lock */,
				E8CDC99026B196B2004518D0 /* Sources */,
				E8CDC99126B196B2004518D0 /* Frameworks */,
				E8CDC99226B196B2004518D0 /* Resources */,
				F9304FE504E24601FD9B150D /* [CP] Embed Pods Frameworks */,
			);
			buildRules = (
			);
			dependencies = (
			);
			name = Campfire;
			productName = Bonfire;
			productReference = E8CDC99426B196B2004518D0 /* Campfire.app */;
			productType = "com.apple.product-type.application";
		};
/* End PBXNativeTarget section */

/* Begin PBXProject section */
		E8CDC98C26B196B2004518D0 /* Project object */ = {
			isa = PBXProject;
			attributes = {
				LastSwiftUpdateCheck = 1250;
				LastUpgradeCheck = 1250;
				TargetAttributes = {
					E8CDC99326B196B2004518D0 = {
						CreatedOnToolsVersion = 12.5.1;
					};
				};
			};
			buildConfigurationList = E8CDC98F26B196B2004518D0 /* Build configuration list for PBXProject "Campfire" */;
			compatibilityVersion = "Xcode 9.3";
			developmentRegion = en;
			hasScannedForEncodings = 0;
			knownRegions = (
				en,
				Base,
			);
			mainGroup = E8CDC98B26B196B2004518D0;
			productRefGroup = E8CDC99526B196B2004518D0 /* Products */;
			projectDirPath = "";
			projectRoot = "";
			targets = (
				E8CDC99326B196B2004518D0 /* Campfire */,
			);
		};
/* End PBXProject section */

/* Begin PBXResourcesBuildPhase section */
		E8CDC99226B196B2004518D0 /* Resources */ = {
			isa = PBXResourcesBuildPhase;
			buildActionMask = 2147483647;
			files = (
				E8DDAF9226B5C6C800777A59 /* MessageCell.xib in Resources */,
				E8CDC9A426B196B3004518D0 /* LaunchScreen.storyboard in Resources */,
				E88CB8CB26D44C3500C0F5A1 /* GoogleService-Info.plist in Resources */,
				E8CDC9A126B196B3004518D0 /* Assets.xcassets in Resources */,
				E8CDC99F26B196B2004518D0 /* Main.storyboard in Resources */,
			);
			runOnlyForDeploymentPostprocessing = 0;
		};
/* End PBXResourcesBuildPhase section */

/* Begin PBXShellScriptBuildPhase section */
		7FE83C5C4389A92A116450A6 /* [CP] Check Pods Manifest.lock */ = {
			isa = PBXShellScriptBuildPhase;
			buildActionMask = 2147483647;
			files = (
			);
			inputFileListPaths = (
			);
			inputPaths = (
				"${PODS_PODFILE_DIR_PATH}/Podfile.lock",
				"${PODS_ROOT}/Manifest.lock",
			);
			name = "[CP] Check Pods Manifest.lock";
			outputFileListPaths = (
			);
			outputPaths = (
				"$(DERIVED_FILE_DIR)/Pods-Campfire-checkManifestLockResult.txt",
			);
			runOnlyForDeploymentPostprocessing = 0;
			shellPath = /bin/sh;
			shellScript = "diff \"${PODS_PODFILE_DIR_PATH}/Podfile.lock\" \"${PODS_ROOT}/Manifest.lock\" > /dev/null\nif [ $? != 0 ] ; then\n    # print error to STDERR\n    echo \"error: The sandbox is not in sync with the Podfile.lock. Run 'pod install' or update your CocoaPods installation.\" >&2\n    exit 1\nfi\n# This output is used by Xcode 'outputs' to avoid re-running this script phase.\necho \"SUCCESS\" > \"${SCRIPT_OUTPUT_FILE_0}\"\n";
			showEnvVarsInLog = 0;
		};
		F9304FE504E24601FD9B150D /* [CP] Embed Pods Frameworks */ = {
			isa = PBXShellScriptBuildPhase;
			buildActionMask = 2147483647;
			files = (
			);
			inputFileListPaths = (
				"${PODS_ROOT}/Target Support Files/Pods-Campfire/Pods-Campfire-frameworks-${CONFIGURATION}-input-files.xcfilelist",
			);
			name = "[CP] Embed Pods Frameworks";
			outputFileListPaths = (
				"${PODS_ROOT}/Target Support Files/Pods-Campfire/Pods-Campfire-frameworks-${CONFIGURATION}-output-files.xcfilelist",
			);
			runOnlyForDeploymentPostprocessing = 0;
			shellPath = /bin/sh;
			shellScript = "\"${PODS_ROOT}/Target Support Files/Pods-Campfire/Pods-Campfire-frameworks.sh\"\n";
			showEnvVarsInLog = 0;
		};
/* End PBXShellScriptBuildPhase section */

/* Begin PBXSourcesBuildPhase section */
		E8CDC99026B196B2004518D0 /* Sources */ = {
			isa = PBXSourcesBuildPhase;
			buildActionMask = 2147483647;
			files = (
				E8CDC99C26B196B2004518D0 /* WelcomeViewController.swift in Sources */,
				E8DDAF9126B5C6C800777A59 /* MessageCell.swift in Sources */,
				E8CDC99826B196B2004518D0 /* AppDelegate.swift in Sources */,
				E801124926B59B5F00D0BE4B /* Message.swift in Sources */,
				E8CDC99A26B196B2004518D0 /* SceneDelegate.swift in Sources */,
				E8CDC9B126B19C0B004518D0 /* LoginViewController.swift in Sources */,
				E8CDC9B326B19C1C004518D0 /* ChatViewController.swift in Sources */,
				E8CDC9AF26B19BCD004518D0 /* JoinViewController.swift in Sources */,
				E827F62227F4B16B00B6D062 /* UIButton+Ext.swift in Sources */,
				E82FF49D2748221E00E8147F /* LaunchScreenViewController.swift in Sources */,
				E801124726B5906600D0BE4B /* Constants.swift in Sources */,
				E847B73727EE308E00E3704C /* String+Ext.swift in Sources */,
			);
			runOnlyForDeploymentPostprocessing = 0;
		};
/* End PBXSourcesBuildPhase section */

/* Begin PBXVariantGroup section */
		E8CDC99D26B196B2004518D0 /* Main.storyboard */ = {
			isa = PBXVariantGroup;
			children = (
				E8CDC99E26B196B2004518D0 /* Base */,
			);
			name = Main.storyboard;
			sourceTree = "<group>";
		};
		E8CDC9A226B196B3004518D0 /* LaunchScreen.storyboard */ = {
			isa = PBXVariantGroup;
			children = (
				E8CDC9A326B196B3004518D0 /* Base */,
			);
			name = LaunchScreen.storyboard;
			sourceTree = "<group>";
		};
/* End PBXVariantGroup section */

/* Begin XCBuildConfiguration section */
		E8CDC9A626B196B3004518D0 /* Debug */ = {
			isa = XCBuildConfiguration;
			buildSettings = {
				ALWAYS_SEARCH_USER_PATHS = NO;
				CLANG_ANALYZER_NONNULL = YES;
				CLANG_ANALYZER_NUMBER_OBJECT_CONVERSION = YES_AGGRESSIVE;
				CLANG_CXX_LANGUAGE_STANDARD = "gnu++14";
				CLANG_CXX_LIBRARY = "libc++";
				CLANG_ENABLE_MODULES = YES;
				CLANG_ENABLE_OBJC_ARC = YES;
				CLANG_ENABLE_OBJC_WEAK = YES;
				CLANG_WARN_BLOCK_CAPTURE_AUTORELEASING = YES;
				CLANG_WARN_BOOL_CONVERSION = YES;
				CLANG_WARN_COMMA = YES;
				CLANG_WARN_CONSTANT_CONVERSION = YES;
				CLANG_WARN_DEPRECATED_OBJC_IMPLEMENTATIONS = YES;
				CLANG_WARN_DIRECT_OBJC_ISA_USAGE = YES_ERROR;
				CLANG_WARN_DOCUMENTATION_COMMENTS = YES;
				CLANG_WARN_EMPTY_BODY = YES;
				CLANG_WARN_ENUM_CONVERSION = YES;
				CLANG_WARN_INFINITE_RECURSION = YES;
				CLANG_WARN_INT_CONVERSION = YES;
				CLANG_WARN_NON_LITERAL_NULL_CONVERSION = YES;
				CLANG_WARN_OBJC_IMPLICIT_RETAIN_SELF = YES;
				CLANG_WARN_OBJC_LITERAL_CONVERSION = YES;
				CLANG_WARN_OBJC_ROOT_CLASS = YES_ERROR;
				CLANG_WARN_QUOTED_INCLUDE_IN_FRAMEWORK_HEADER = YES;
				CLANG_WARN_RANGE_LOOP_ANALYSIS = YES;
				CLANG_WARN_STRICT_PROTOTYPES = YES;
				CLANG_WARN_SUSPICIOUS_MOVE = YES;
				CLANG_WARN_UNGUARDED_AVAILABILITY = YES_AGGRESSIVE;
				CLANG_WARN_UNREACHABLE_CODE = YES;
				CLANG_WARN__DUPLICATE_METHOD_MATCH = YES;
				COPY_PHASE_STRIP = NO;
				DEBUG_INFORMATION_FORMAT = dwarf;
				ENABLE_STRICT_OBJC_MSGSEND = YES;
				ENABLE_TESTABILITY = YES;
				GCC_C_LANGUAGE_STANDARD = gnu11;
				GCC_DYNAMIC_NO_PIC = NO;
				GCC_NO_COMMON_BLOCKS = YES;
				GCC_OPTIMIZATION_LEVEL = 0;
				GCC_PREPROCESSOR_DEFINITIONS = (
					"DEBUG=1",
					"$(inherited)",
				);
				GCC_WARN_64_TO_32_BIT_CONVERSION = YES;
				GCC_WARN_ABOUT_RETURN_TYPE = YES_ERROR;
				GCC_WARN_UNDECLARED_SELECTOR = YES;
				GCC_WARN_UNINITIALIZED_AUTOS = YES_AGGRESSIVE;
				GCC_WARN_UNUSED_FUNCTION = YES;
				GCC_WARN_UNUSED_VARIABLE = YES;
				IPHONEOS_DEPLOYMENT_TARGET = 14.5;
				MTL_ENABLE_DEBUG_INFO = INCLUDE_SOURCE;
				MTL_FAST_MATH = YES;
				ONLY_ACTIVE_ARCH = YES;
				SDKROOT = iphoneos;
				SWIFT_ACTIVE_COMPILATION_CONDITIONS = DEBUG;
				SWIFT_OPTIMIZATION_LEVEL = "-Onone";
			};
			name = Debug;
		};
		E8CDC9A726B196B3004518D0 /* Release */ = {
			isa = XCBuildConfiguration;
			buildSettings = {
				ALWAYS_SEARCH_USER_PATHS = NO;
				CLANG_ANALYZER_NONNULL = YES;
				CLANG_ANALYZER_NUMBER_OBJECT_CONVERSION = YES_AGGRESSIVE;
				CLANG_CXX_LANGUAGE_STANDARD = "gnu++14";
				CLANG_CXX_LIBRARY = "libc++";
				CLANG_ENABLE_MODULES = YES;
				CLANG_ENABLE_OBJC_ARC = YES;
				CLANG_ENABLE_OBJC_WEAK = YES;
				CLANG_WARN_BLOCK_CAPTURE_AUTORELEASING = YES;
				CLANG_WARN_BOOL_CONVERSION = YES;
				CLANG_WARN_COMMA = YES;
				CLANG_WARN_CONSTANT_CONVERSION = YES;
				CLANG_WARN_DEPRECATED_OBJC_IMPLEMENTATIONS = YES;
				CLANG_WARN_DIRECT_OBJC_ISA_USAGE = YES_ERROR;
				CLANG_WARN_DOCUMENTATION_COMMENTS = YES;
				CLANG_WARN_EMPTY_BODY = YES;
				CLANG_WARN_ENUM_CONVERSION = YES;
				CLANG_WARN_INFINITE_RECURSION = YES;
				CLANG_WARN_INT_CONVERSION = YES;
				CLANG_WARN_NON_LITERAL_NULL_CONVERSION = YES;
				CLANG_WARN_OBJC_IMPLICIT_RETAIN_SELF = YES;
				CLANG_WARN_OBJC_LITERAL_CONVERSION = YES;
				CLANG_WARN_OBJC_ROOT_CLASS = YES_ERROR;
				CLANG_WARN_QUOTED_INCLUDE_IN_FRAMEWORK_HEADER = YES;
				CLANG_WARN_RANGE_LOOP_ANALYSIS = YES;
				CLANG_WARN_STRICT_PROTOTYPES = YES;
				CLANG_WARN_SUSPICIOUS_MOVE = YES;
				CLANG_WARN_UNGUARDED_AVAILABILITY = YES_AGGRESSIVE;
				CLANG_WARN_UNREACHABLE_CODE = YES;
				CLANG_WARN__DUPLICATE_METHOD_MATCH = YES;
				COPY_PHASE_STRIP = NO;
				DEBUG_INFORMATION_FORMAT = "dwarf-with-dsym";
				ENABLE_NS_ASSERTIONS = NO;
				ENABLE_STRICT_OBJC_MSGSEND = YES;
				GCC_C_LANGUAGE_STANDARD = gnu11;
				GCC_NO_COMMON_BLOCKS = YES;
				GCC_WARN_64_TO_32_BIT_CONVERSION = YES;
				GCC_WARN_ABOUT_RETURN_TYPE = YES_ERROR;
				GCC_WARN_UNDECLARED_SELECTOR = YES;
				GCC_WARN_UNINITIALIZED_AUTOS = YES_AGGRESSIVE;
				GCC_WARN_UNUSED_FUNCTION = YES;
				GCC_WARN_UNUSED_VARIABLE = YES;
				IPHONEOS_DEPLOYMENT_TARGET = 14.5;
				MTL_ENABLE_DEBUG_INFO = NO;
				MTL_FAST_MATH = YES;
				SDKROOT = iphoneos;
				SWIFT_COMPILATION_MODE = wholemodule;
				SWIFT_OPTIMIZATION_LEVEL = "-O";
				VALIDATE_PRODUCT = YES;
			};
			name = Release;
		};
		E8CDC9A926B196B3004518D0 /* Debug */ = {
			isa = XCBuildConfiguration;
			baseConfigurationReference = 68C204D5AF6B8228BE8F9AC3 /* Pods-Campfire.debug.xcconfig */;
			buildSettings = {
				ASSETCATALOG_COMPILER_APPICON_NAME = AppIcon;
				ASSETCATALOG_COMPILER_GLOBAL_ACCENT_COLOR_NAME = AccentColor;
				CODE_SIGN_STYLE = Automatic;
				DEVELOPMENT_TEAM = WZ97249UNV;
				INFOPLIST_FILE = Campfire/Info.plist;
				LD_RUNPATH_SEARCH_PATHS = (
					"$(inherited)",
					"@executable_path/Frameworks",
				);
				PRODUCT_BUNDLE_IDENTIFIER = com.laynejohnson.Campfire;
				PRODUCT_NAME = "$(TARGET_NAME)";
				SWIFT_VERSION = 5.0;
				TARGETED_DEVICE_FAMILY = "1,2";
			};
			name = Debug;
		};
		E8CDC9AA26B196B3004518D0 /* Release */ = {
			isa = XCBuildConfiguration;
			baseConfigurationReference = 637F4D611A0BE66BD4BEE0C0 /* Pods-Campfire.release.xcconfig */;
			buildSettings = {
				ASSETCATALOG_COMPILER_APPICON_NAME = AppIcon;
				ASSETCATALOG_COMPILER_GLOBAL_ACCENT_COLOR_NAME = AccentColor;
				CODE_SIGN_STYLE = Automatic;
				DEVELOPMENT_TEAM = WZ97249UNV;
				INFOPLIST_FILE = Campfire/Info.plist;
				LD_RUNPATH_SEARCH_PATHS = (
					"$(inherited)",
					"@executable_path/Frameworks",
				);
				PRODUCT_BUNDLE_IDENTIFIER = com.laynejohnson.Campfire;
				PRODUCT_NAME = "$(TARGET_NAME)";
				SWIFT_VERSION = 5.0;
				TARGETED_DEVICE_FAMILY = "1,2";
			};
			name = Release;
		};
/* End XCBuildConfiguration section */

/* Begin XCConfigurationList section */
		E8CDC98F26B196B2004518D0 /* Build configuration list for PBXProject "Campfire" */ = {
			isa = XCConfigurationList;
			buildConfigurations = (
				E8CDC9A626B196B3004518D0 /* Debug */,
				E8CDC9A726B196B3004518D0 /* Release */,
			);
			defaultConfigurationIsVisible = 0;
			defaultConfigurationName = Release;
		};
		E8CDC9A826B196B3004518D0 /* Build configuration list for PBXNativeTarget "Campfire" */ = {
			isa = XCConfigurationList;
			buildConfigurations = (
				E8CDC9A926B196B3004518D0 /* Debug */,
				E8CDC9AA26B196B3004518D0 /* Release */,
			);
			defaultConfigurationIsVisible = 0;
			defaultConfigurationName = Release;
		};
/* End XCConfigurationList section */
	};
	rootObject = E8CDC98C26B196B2004518D0 /* Project object */;
}
